
Microsoft Visual Studio Solution File, Format Version 10.00
# Visual Studio 2008
Project("{FAE04EC0-301F-11D3-BF4B-00C04F79EFBC}") = "CustomConfiguration", "CustomConfiguration\CustomConfiguration.csproj", "{14A60EBA-CB0A-449A-8600-75D53DB10296}"
EndProject
Global
	GlobalSection(SolutionConfigurationPlatforms) = preSolution
		Debug|Any CPU = Debug|Any CPU
		Release|Any CPU = Release|Any CPU
	EndGlobalSection
	GlobalSection(ProjectConfigurationPlatforms) = postSolution
		{14A60EBA-CB0A-449A-8600-75D53DB10296}.Debug|Any CPU.ActiveCfg = Debug|Any CPU
		{14A60EBA-CB0A-449A-8600-75D53DB10296}.Debug|Any CPU.Build.0 = Debug|Any CPU
		{14A60EBA-CB0A-449A-8600-75D53DB10296}.Release|Any CPU.ActiveCfg = Release|Any CPU
		{14A60EBA-CB0A-449A-8600-75D53DB10296}.Release|Any CPU.Build.0 = Release|Any CPU
	EndGlobalSection
	GlobalSection(SolutionProperties) = preSolution
		HideSolutionNode = FALSE
	EndGlobalSection
EndGlobal
