Microsoft Visual Studio Solution File, Format Version 7.00
Project("{FAE04EC0-301F-11D3-BF4B-00C04F79EFBC}") = "Configuration", "Configuration.csproj", "{A53DADD9-B7D4-458B-99FE-ECA57F90EEC6}"
EndProject
Global
	GlobalSection(SolutionConfiguration) = preSolution
		ConfigName.0 = Debug
		ConfigName.1 = Release
	EndGlobalSection
	GlobalSection(ProjectDependencies) = postSolution
	EndGlobalSection
	GlobalSection(ProjectConfiguration) = postSolution
		{A53DADD9-B7D4-458B-99FE-ECA57F90EEC6}.Debug.ActiveCfg = Debug|.NET
		{A53DADD9-B7D4-458B-99FE-ECA57F90EEC6}.Debug.Build.0 = Debug|.NET
		{A53DADD9-B7D4-458B-99FE-ECA57F90EEC6}.Release.ActiveCfg = Release|.NET
		{A53DADD9-B7D4-458B-99FE-ECA57F90EEC6}.Release.Build.0 = Release|.NET
	EndGlobalSection
	GlobalSection(ExtensibilityGlobals) = postSolution
	EndGlobalSection
	GlobalSection(ExtensibilityAddIns) = postSolution
	EndGlobalSection
EndGlobal
